
Microsoft Visual Studio Solution File, Format Version 12.00
# Visual Studio Version 16
VisualStudioVersion = 16.0.29709.97
MinimumVisualStudioVersion = 10.0.40219.1
Project("{9A19103F-16F7-4668-BE54-9A1E7A4F7556}") = "Dashboard", "Dashboard\Dashboard.csproj", "{CD25111B-AAB9-4D60-90B5-B6A8F23A9F07}"
EndProject
Project("{9A19103F-16F7-4668-BE54-9A1E7A4F7556}") = "Web", "Web\Web.csproj", "{70577341-0568-466F-BBE1-AA917BD54A43}"
EndProject
Project("{9A19103F-16F7-4668-BE54-9A1E7A4F7556}") = "Common", "Common\Common.csproj", "{468AEB0A-4A9A-409E-8B6B-EB4D613E7F81}"
EndProject
Project("{9A19103F-16F7-4668-BE54-9A1E7A4F7556}") = "Models", "Models\Models.csproj", "{C2439E30-7D3D-49FD-8409-83E18FF7302F}"
EndProject
Global
	GlobalSection(SolutionConfigurationPlatforms) = preSolution
		Debug|Any CPU = Debug|Any CPU
		Release|Any CPU = Release|Any CPU
	EndGlobalSection
	GlobalSection(ProjectConfigurationPlatforms) = postSolution
		{CD25111B-AAB9-4D60-90B5-B6A8F23A9F07}.Debug|Any CPU.ActiveCfg = Debug|Any CPU
		{CD25111B-AAB9-4D60-90B5-B6A8F23A9F07}.Debug|Any CPU.Build.0 = Debug|Any CPU
		{CD25111B-AAB9-4D60-90B5-B6A8F23A9F07}.Release|Any CPU.ActiveCfg = Release|Any CPU
		{CD25111B-AAB9-4D60-90B5-B6A8F23A9F07}.Release|Any CPU.Build.0 = Release|Any CPU
		{70577341-0568-466F-BBE1-AA917BD54A43}.Debug|Any CPU.ActiveCfg = Debug|Any CPU
		{70577341-0568-466F-BBE1-AA917BD54A43}.Debug|Any CPU.Build.0 = Debug|Any CPU
		{70577341-0568-466F-BBE1-AA917BD54A43}.Release|Any CPU.ActiveCfg = Release|Any CPU
		{70577341-0568-466F-BBE1-AA917BD54A43}.Release|Any CPU.Build.0 = Release|Any CPU
		{468AEB0A-4A9A-409E-8B6B-EB4D613E7F81}.Debug|Any CPU.ActiveCfg = Debug|Any CPU
		{468AEB0A-4A9A-409E-8B6B-EB4D613E7F81}.Debug|Any CPU.Build.0 = Debug|Any CPU
		{468AEB0A-4A9A-409E-8B6B-EB4D613E7F81}.Release|Any CPU.ActiveCfg = Release|Any CPU
		{468AEB0A-4A9A-409E-8B6B-EB4D613E7F81}.Release|Any CPU.Build.0 = Release|Any CPU
		{C2439E30-7D3D-49FD-8409-83E18FF7302F}.Debug|Any CPU.ActiveCfg = Debug|Any CPU
		{C2439E30-7D3D-49FD-8409-83E18FF7302F}.Debug|Any CPU.Build.0 = Debug|Any CPU
		{C2439E30-7D3D-49FD-8409-83E18FF7302F}.Release|Any CPU.ActiveCfg = Release|Any CPU
		{C2439E30-7D3D-49FD-8409-83E18FF7302F}.Release|Any CPU.Build.0 = Release|Any CPU
	EndGlobalSection
	GlobalSection(SolutionProperties) = preSolution
		HideSolutionNode = FALSE
	EndGlobalSection
	GlobalSection(ExtensibilityGlobals) = postSolution
		SolutionGuid = {5D8E835B-DE42-4933-ADCE-5C2342A5B7C5}
	EndGlobalSection
EndGlobal
